#MicroXplorer Configuration settings - do not modify
Mcu.Family=STM32F4
ProjectManager.MainLocation=Core/Src
PB10.PinState=GPIO_PIN_SET
PA6.Mode=Full_Duplex_Master
ProjectManager.ProjectFileName=R4S_Main.ioc
USART2.IPParameters=VirtualMode
RCC.CortexFreq_Value=16000000
FREERTOS.Tasks01=defaultTask,24,128,StartDefaultTask,Default,NULL,Dynamic,NULL,NULL
PA7.Mode=Full_Duplex_Master
ProjectManager.KeepUserCode=true
PA10.Mode=Asynchronous
Mcu.UserName=STM32F411CEUx
PB10.GPIO_Speed=GPIO_SPEED_FREQ_MEDIUM
Mcu.PinsNb=21
SPI1.VirtualType=VM_MASTER
ProjectManager.NoMain=false
SPI1.IPParameters=VirtualType,Mode,Direction,CalculateBaudRate,BaudRatePrescaler
PC13-ANTI_TAMP.GPIO_Label=LED
TIM1.IPParameters=Channel-PWM Generation1 CH1N,Prescaler
NVIC.SavedSvcallIrqHandlerGenerated=true
RCC.PLLCLKFreq_Value=96000000
PB14.GPIO_Label=ZWR_2
RCC.PLLQCLKFreq_Value=48000000
ProjectManager.functionlistsort=1-MX_GPIO_Init-GPIO-false-HAL-true,2-SystemClock_Config-RCC-false-HAL-false,3-MX_I2C1_Init-I2C1-false-HAL-true,4-MX_SPI1_Init-SPI1-false-HAL-true,5-MX_TIM1_Init-TIM1-false-HAL-true,6-MX_USART1_UART_Init-USART1-false-HAL-true,7-MX_USART2_UART_Init-USART2-false-HAL-true
RCC.RTCFreq_Value=32000
ProjectManager.DefaultFWLocation=true
PB12.Locked=true
ProjectManager.DeletePrevious=true
USART1.IPParameters=VirtualMode
PB14.Locked=true
PB10.Locked=true
PB13.Signal=TIM1_CH1N
PinOutPanel.RotationAngle=0
PB3.GPIO_Speed=GPIO_SPEED_FREQ_MEDIUM
RCC.FamilyName=M
ProjectManager.StackSize=0x400
VP_FREERTOS_VS_CMSIS_V2.Mode=CMSIS_V2
PA3.Mode=Asynchronous
PA13.Signal=SYS_JTMS-SWDIO
Mcu.IP4=SPI1
Mcu.IP5=SYS
Mcu.IP2=NVIC
NVIC.SVCall_IRQn=true\:0\:0\:false\:false\:false\:false\:false\:false
Mcu.IP3=RCC
PB4.GPIOParameters=GPIO_Speed,PinState,GPIO_Label
Mcu.IP0=FREERTOS
PA9.Mode=Asynchronous
Mcu.IP1=I2C1
TIM1.Prescaler=15
Mcu.UserConstants=
ProjectManager.TargetToolchain=STM32CubeIDE
PB10.GPIO_Label=SD_CS
PB3.PinState=GPIO_PIN_SET
Mcu.ThirdPartyNb=0
SPI1.Direction=SPI_DIRECTION_2LINES
Mcu.IPNb=9
RCC.I2SClocksFreq_Value=96000000
ProjectManager.PreviousToolchain=
PA9.Signal=USART1_TX
PB6.Signal=I2C1_SCL
VP_TIM1_VS_ClockSourceINT.Signal=TIM1_VS_ClockSourceINT
RCC.VcooutputI2S=96000000
PB6.Mode=I2C
SPI1.CalculateBaudRate=2.0 MBits/s
RCC.VCOInputMFreq_Value=1000000
Mcu.Pin6=PB10
Mcu.Pin7=PB12
ProjectManager.RegisterCallBack=
Mcu.Pin8=PB13
Mcu.Pin9=PB14
FREERTOS.IPParameters=Tasks01
RCC.LSE_VALUE=32768
RCC.AHBFreq_Value=16000000
PB13.Locked=true
Mcu.Pin0=PC13-ANTI_TAMP
Mcu.Pin1=PA2
GPIO.groupedBy=Group By Peripherals
PB10.Signal=GPIO_Output
Mcu.Pin2=PA3
Mcu.Pin3=PA5
Mcu.Pin4=PA6
RCC.VCOI2SOutputFreq_Value=192000000
Mcu.Pin5=PA7
PB14.Signal=GPIO_Output
PA5.Signal=SPI1_SCK
ProjectManager.ProjectBuild=false
RCC.HSE_VALUE=25000000
NVIC.UsageFault_IRQn=true\:0\:0\:false\:false\:true\:false\:false\:false
NVIC.DebugMonitor_IRQn=true\:0\:0\:false\:false\:true\:false\:false\:false
board=custom
PC13-ANTI_TAMP.Signal=GPIO_Output
RCC.VCOOutputFreq_Value=192000000
PC13-ANTI_TAMP.Locked=true
NVIC.SysTick_IRQn=true\:15\:0\:false\:false\:false\:true\:false\:true
ProjectManager.LastFirmware=true
PC13-ANTI_TAMP.GPIO_ModeDefaultOutputPP=GPIO_MODE_OUTPUT_OD
PB12.GPIO_Label=ZWR_1
ProjectManager.FirmwarePackage=STM32Cube FW_F4 V1.26.1
MxDb.Version=DB.6.0.21
PB4.GPIO_Speed=GPIO_SPEED_FREQ_MEDIUM
NVIC.SavedSystickIrqHandlerGenerated=true
RCC.APB2Freq_Value=16000000
ProjectManager.BackupPrevious=false
MxCube.Version=6.2.1
PB4.GPIO_Label=PRESS_CS
RCC.VCOInputFreq_Value=1000000
VP_SYS_VS_tim2.Signal=SYS_VS_tim2
SPI1.Mode=SPI_MODE_MASTER
PA14.Mode=Serial_Wire
NVIC.TIM2_IRQn=true\:0\:0\:false\:false\:true\:false\:false\:true
File.Version=6
PB3.GPIOParameters=GPIO_Speed,PinState,GPIO_Label
PB7.Signal=I2C1_SDA
NVIC.NonMaskableInt_IRQn=true\:0\:0\:false\:false\:true\:false\:false\:false
TIM1.Channel-PWM\ Generation1\ CH1N=TIM_CHANNEL_1
NVIC.PendSV_IRQn=true\:15\:0\:false\:false\:false\:true\:false\:false
PA13.Mode=Serial_Wire
ProjectManager.FreePins=false
RCC.IPParameters=AHBFreq_Value,APB1Freq_Value,APB2Freq_Value,CortexFreq_Value,FamilyName,HSE_VALUE,HSI_VALUE,I2SClocksFreq_Value,LSE_VALUE,LSI_VALUE,PLLCLKFreq_Value,PLLQCLKFreq_Value,RTCFreq_Value,RTCHSEDivFreq_Value,SYSCLKFreq_VALUE,VCOI2SOutputFreq_Value,VCOInputFreq_Value,VCOInputMFreq_Value,VCOOutputFreq_Value,VcooutputI2S
ProjectManager.AskForMigrate=true
Mcu.Name=STM32F411C(C-E)Ux
ProjectManager.HalAssertFull=false
VP_TIM1_VS_ClockSourceINT.Mode=Internal
NVIC.SavedPendsvIrqHandlerGenerated=true
RCC.RTCHSEDivFreq_Value=12500000
PA2.Signal=USART2_TX
ProjectManager.ProjectName=R4S_Main
ProjectManager.UnderRoot=true
Mcu.IP8=USART2
VP_FREERTOS_VS_CMSIS_V2.Signal=FREERTOS_VS_CMSIS_V2
Mcu.IP6=TIM1
Mcu.IP7=USART1
ProjectManager.CoupleFile=true
PB4.Locked=true
PB3.Signal=GPIO_Output
RCC.SYSCLKFreq_VALUE=16000000
Mcu.Package=UFQFPN48
VP_SYS_VS_tim2.Mode=TIM2
PA6.Signal=SPI1_MISO
Mcu.Pin20=VP_TIM1_VS_ClockSourceINT
NVIC.TimeBase=TIM2_IRQn
NVIC.ForceEnableDMAVector=true
KeepUserPlacement=false
USART2.VirtualMode=VM_ASYNC
NVIC.MemoryManagement_IRQn=true\:0\:0\:false\:false\:true\:false\:false\:false
USART1.VirtualMode=VM_ASYNC
ProjectManager.CompilerOptimize=6
ProjectManager.ToolChainLocation=
RCC.LSI_VALUE=32000
PB7.Mode=I2C
NVIC.TimeBaseIP=TIM2
PA10.Signal=USART1_RX
PA14.Signal=SYS_JTCK-SWCLK
ProjectManager.HeapSize=0x200
Mcu.Pin15=PB4
NVIC.HardFault_IRQn=true\:0\:0\:false\:false\:true\:false\:false\:false
Mcu.Pin16=PB6
Mcu.Pin13=PA14
Mcu.Pin14=PB3
PB14.GPIOParameters=GPIO_Label
Mcu.Pin19=VP_SYS_VS_tim2
ProjectManager.ComputerToolchain=false
Mcu.Pin17=PB7
RCC.HSI_VALUE=16000000
Mcu.Pin18=VP_FREERTOS_VS_CMSIS_V2
NVIC.PriorityGroup=NVIC_PRIORITYGROUP_4
Mcu.Pin11=PA10
Mcu.Pin12=PA13
Mcu.Pin10=PA9
PA2.Mode=Asynchronous
NVIC.BusFault_IRQn=true\:0\:0\:false\:false\:true\:false\:false\:false
PB10.GPIOParameters=GPIO_Speed,PinState,GPIO_Label
PB13.Mode=PWM Generation1 CH1N
RCC.APB1Freq_Value=16000000
SPI1.BaudRatePrescaler=SPI_BAUDRATEPRESCALER_8
PB4.PinState=GPIO_PIN_SET
ProjectManager.CustomerFirmwarePackage=
ProjectManager.DeviceId=STM32F411CEUx
PB12.GPIOParameters=GPIO_Label
PB12.Signal=GPIO_Output
ProjectManager.LibraryCopy=1
PB3.Locked=true
PB4.Signal=GPIO_Output
PA3.Signal=USART2_RX
PA5.Mode=Full_Duplex_Master
PC13-ANTI_TAMP.GPIOParameters=GPIO_Label,GPIO_ModeDefaultOutputPP
PA7.Signal=SPI1_MOSI
PB3.GPIO_Label=LORA_CS
isbadioc=false
