#MicroXplorer Configuration settings - do not modify
Mcu.Family=STM32F1
NVIC.USART3_IRQn=true\:1\:0\:true\:false\:true\:true\:true
ProjectManager.MainLocation=Core/Src
ProjectManager.ProjectFileName=Lora_main_test.ioc
USART2.IPParameters=VirtualMode
PB8.GPIOParameters=GPIO_Speed,PinState,GPIO_Label
PB9.GPIO_Label=RF_RST
ProjectManager.KeepUserCode=true
PA10.Mode=Asynchronous
Mcu.UserName=STM32F103C8Tx
Mcu.PinsNb=15
SPI1.VirtualType=VM_MASTER
PB10.Mode=Asynchronous
ProjectManager.NoMain=false
SPI1.IPParameters=VirtualType,Mode,Direction,CalculateBaudRate
RCC.PLLCLKFreq_Value=8000000
ProjectManager.functionlistsort=1-MX_GPIO_Init-GPIO-false-HAL-true,2-SystemClock_Config-RCC-false-HAL-false,3-MX_SPI1_Init-SPI1-false-HAL-true
ProjectManager.DefaultFWLocation=true
ProjectManager.DeletePrevious=true
USART1.IPParameters=VirtualMode
PB11.Signal=USART3_RX
NVIC.USART2_IRQn=true\:1\:0\:true\:false\:true\:true\:true
PinOutPanel.RotationAngle=0
RCC.FamilyName=M
ProjectManager.StackSize=0x400
PB5.GPIOParameters=GPIO_Label
PB9.GPIOParameters=PinState,GPIO_Label
PA13.Signal=SYS_JTMS-SWDIO
PA3.Mode=Asynchronous
Mcu.IP4=USART1
Mcu.IP5=USART2
NVIC.SVCall_IRQn=true\:0\:0\:false\:false\:true\:false\:false
Mcu.IP2=SPI1
PB8.GPIO_Label=CS_RF
Mcu.IP3=SYS
PB4.GPIOParameters=GPIO_Label
Mcu.IP0=NVIC
PA9.Mode=Asynchronous
Mcu.IP1=RCC
USART3.BaudRate=9600
Mcu.UserConstants=
PB11.Mode=Asynchronous
ProjectManager.TargetToolchain=STM32CubeIDE
Mcu.ThirdPartyNb=0
SPI1.Direction=SPI_DIRECTION_2LINES
PB7.GPIOParameters=GPIO_Label
Mcu.IPNb=7
ProjectManager.PreviousToolchain=
PA9.Signal=USART1_TX
PB5.Locked=true
PB9.Locked=true
SPI1.CalculateBaudRate=4.0 MBits/s
Mcu.Pin6=PA13
Mcu.Pin7=PA14
ProjectManager.RegisterCallBack=
Mcu.Pin8=PB3
Mcu.Pin9=PB4
Mcu.Pin0=PA2
Mcu.Pin1=PA3
Mcu.Pin2=PB10
PB10.Signal=USART3_TX
Mcu.Pin3=PB11
Mcu.Pin4=PA9
Mcu.Pin5=PA10
ProjectManager.ProjectBuild=false
NVIC.UsageFault_IRQn=true\:0\:0\:false\:false\:true\:false\:false
NVIC.DebugMonitor_IRQn=true\:0\:0\:false\:false\:true\:false\:false
PB3.Mode=Full_Duplex_Master
board=custom
NVIC.SysTick_IRQn=true\:0\:0\:false\:false\:true\:false\:true
ProjectManager.LastFirmware=true
ProjectManager.FirmwarePackage=STM32Cube FW_F1 V1.8.3
MxDb.Version=DB.6.0.21
RCC.APB2Freq_Value=8000000
PB4.Mode=Full_Duplex_Master
ProjectManager.BackupPrevious=false
MxCube.Version=6.2.1
PB4.GPIO_Label=MISO_RF
SPI1.Mode=SPI_MODE_MASTER
PA14.Mode=Serial_Wire
PB5.Mode=Full_Duplex_Master
File.Version=6
VP_SYS_VS_Systick.Mode=SysTick
PB8.PinState=GPIO_PIN_SET
PB3.GPIOParameters=GPIO_Label
PB7.Signal=GPIO_Input
PB8.Locked=true
NVIC.NonMaskableInt_IRQn=true\:0\:0\:false\:false\:true\:false\:false
NVIC.PendSV_IRQn=true\:0\:0\:false\:false\:true\:false\:false
PA13.Mode=Serial_Wire
ProjectManager.FreePins=false
RCC.IPParameters=APB1Freq_Value,APB2Freq_Value,FamilyName,PLLCLKFreq_Value,PLLMCOFreq_Value,TimSysFreq_Value
ProjectManager.AskForMigrate=true
Mcu.Name=STM32F103C(8-B)Tx
ProjectManager.HalAssertFull=false
PA2.Signal=USART2_TX
ProjectManager.ProjectName=Lora_main_test
ProjectManager.UnderRoot=true
Mcu.IP6=USART3
RCC.PLLMCOFreq_Value=4000000
ProjectManager.CoupleFile=true
PB4.Locked=true
PB7.GPIO_Label=DO_RF
PB3.Signal=SPI1_SCK
Mcu.Package=LQFP48
PB5.Signal=SPI1_MOSI
PB9.Signal=GPIO_Output
RCC.TimSysFreq_Value=8000000
NVIC.ForceEnableDMAVector=true
KeepUserPlacement=false
USART2.VirtualMode=VM_ASYNC
USART3.VirtualMode=VM_ASYNC
NVIC.MemoryManagement_IRQn=true\:0\:0\:false\:false\:true\:false\:false
USART1.VirtualMode=VM_ASYNC
ProjectManager.CompilerOptimize=6
PB9.PinState=GPIO_PIN_SET
ProjectManager.ToolChainLocation=
VP_SYS_VS_Systick.Signal=SYS_VS_Systick
USART3.IPParameters=VirtualMode,BaudRate
PA10.Signal=USART1_RX
PA14.Signal=SYS_JTCK-SWCLK
ProjectManager.HeapSize=0x200
NVIC.HardFault_IRQn=true\:0\:0\:false\:false\:true\:false\:false
Mcu.Pin13=PB9
Mcu.Pin14=VP_SYS_VS_Systick
ProjectManager.ComputerToolchain=false
NVIC.PriorityGroup=NVIC_PRIORITYGROUP_4
Mcu.Pin11=PB7
PB5.GPIO_Label=MOSI_RF
Mcu.Pin12=PB8
Mcu.Pin10=PB5
PB7.Locked=true
PA2.Mode=Asynchronous
PB8.Signal=GPIO_Output
NVIC.BusFault_IRQn=true\:0\:0\:false\:false\:true\:false\:false
NVIC.USART1_IRQn=true\:1\:0\:true\:false\:true\:true\:true
RCC.APB1Freq_Value=8000000
PB8.GPIO_Speed=GPIO_SPEED_FREQ_MEDIUM
ProjectManager.CustomerFirmwarePackage=
ProjectManager.DeviceId=STM32F103C8Tx
ProjectManager.LibraryCopy=1
PB4.Signal=SPI1_MISO
PB3.Locked=true
PA3.Signal=USART2_RX
PB3.GPIO_Label=SCK_RF
isbadioc=false
